
Microsoft Visual Studio Solution File, Format Version 12.00
# Visual Studio Version 17
VisualStudioVersion = 17.0.31903.59
MinimumVisualStudioVersion = 10.0.40219.1
Project("{2150E333-8FDC-42A3-9474-1A3956D46DE8}") = "src", "src", "{26024E7C-346D-475F-8CC7-E80F34F86170}"
EndProject
Project("{FAE04EC0-301F-11D3-BF4B-00C04F79EFBC}") = "Deepin.Email.API", "src\Deepin.Email.API\Deepin.Email.API.csproj", "{DCB2CC5D-163C-4D8F-B4FA-54E9BB0F9B0F}"
EndProject
Global
	GlobalSection(SolutionConfigurationPlatforms) = preSolution
		Debug|Any CPU = Debug|Any CPU
		Release|Any CPU = Release|Any CPU
	EndGlobalSection
	GlobalSection(ProjectConfigurationPlatforms) = postSolution
		{DCB2CC5D-163C-4D8F-B4FA-54E9BB0F9B0F}.Debug|Any CPU.ActiveCfg = Debug|Any CPU
		{DCB2CC5D-163C-4D8F-B4FA-54E9BB0F9B0F}.Debug|Any CPU.Build.0 = Debug|Any CPU
		{DCB2CC5D-163C-4D8F-B4FA-54E9BB0F9B0F}.Release|Any CPU.ActiveCfg = Release|Any CPU
		{DCB2CC5D-163C-4D8F-B4FA-54E9BB0F9B0F}.Release|Any CPU.Build.0 = Release|Any CPU
	EndGlobalSection
	GlobalSection(SolutionProperties) = preSolution
		HideSolutionNode = FALSE
	EndGlobalSection
	GlobalSection(NestedProjects) = preSolution
		{DCB2CC5D-163C-4D8F-B4FA-54E9BB0F9B0F} = {26024E7C-346D-475F-8CC7-E80F34F86170}
	EndGlobalSection
EndGlobal
